
Microsoft Visual Studio Solution File, Format Version 12.00
# Visual Studio Version 17
VisualStudioVersion = 17.0.31903.59
MinimumVisualStudioVersion = 10.0.40219.1
Project("{FAE04EC0-301F-11D3-BF4B-00C04F79EFBC}") = "Sso.Api", "Sso.Api\Sso.Api.csproj", "{16A759AA-0E0C-4D03-A131-C96D467E05BD}"
EndProject
Project("{FAE04EC0-301F-11D3-BF4B-00C04F79EFBC}") = "Sso.Infrastructure", "Sso.Infrastructure\Sso.Infrastructure.csproj", "{70FB685D-EC23-4F90-9901-A4E8A3F33D32}"
EndProject
Project("{FAE04EC0-301F-11D3-BF4B-00C04F79EFBC}") = "Sso.Domain", "Sso.Domain\Sso.Domain.csproj", "{7C39454F-2487-48B6-9E25-562631CAA88A}"
EndProject
Project("{FAE04EC0-301F-11D3-BF4B-00C04F79EFBC}") = "Sso.Application", "Sso.Application\Sso.Application.csproj", "{062DAC39-9EA8-43AE-8A85-524A3CE8E28F}"
EndProject
Global
	GlobalSection(SolutionConfigurationPlatforms) = preSolution
		Debug|Any CPU = Debug|Any CPU
		Debug|x64 = Debug|x64
		Debug|x86 = Debug|x86
		Release|Any CPU = Release|Any CPU
		Release|x64 = Release|x64
		Release|x86 = Release|x86
	EndGlobalSection
	GlobalSection(ProjectConfigurationPlatforms) = postSolution
		{16A759AA-0E0C-4D03-A131-C96D467E05BD}.Debug|Any CPU.ActiveCfg = Debug|Any CPU
		{16A759AA-0E0C-4D03-A131-C96D467E05BD}.Debug|Any CPU.Build.0 = Debug|Any CPU
		{16A759AA-0E0C-4D03-A131-C96D467E05BD}.Debug|x64.ActiveCfg = Debug|Any CPU
		{16A759AA-0E0C-4D03-A131-C96D467E05BD}.Debug|x64.Build.0 = Debug|Any CPU
		{16A759AA-0E0C-4D03-A131-C96D467E05BD}.Debug|x86.ActiveCfg = Debug|Any CPU
		{16A759AA-0E0C-4D03-A131-C96D467E05BD}.Debug|x86.Build.0 = Debug|Any CPU
		{16A759AA-0E0C-4D03-A131-C96D467E05BD}.Release|Any CPU.ActiveCfg = Release|Any CPU
		{16A759AA-0E0C-4D03-A131-C96D467E05BD}.Release|Any CPU.Build.0 = Release|Any CPU
		{16A759AA-0E0C-4D03-A131-C96D467E05BD}.Release|x64.ActiveCfg = Release|Any CPU
		{16A759AA-0E0C-4D03-A131-C96D467E05BD}.Release|x64.Build.0 = Release|Any CPU
		{16A759AA-0E0C-4D03-A131-C96D467E05BD}.Release|x86.ActiveCfg = Release|Any CPU
		{16A759AA-0E0C-4D03-A131-C96D467E05BD}.Release|x86.Build.0 = Release|Any CPU
		{70FB685D-EC23-4F90-9901-A4E8A3F33D32}.Debug|Any CPU.ActiveCfg = Debug|Any CPU
		{70FB685D-EC23-4F90-9901-A4E8A3F33D32}.Debug|Any CPU.Build.0 = Debug|Any CPU
		{70FB685D-EC23-4F90-9901-A4E8A3F33D32}.Debug|x64.ActiveCfg = Debug|Any CPU
		{70FB685D-EC23-4F90-9901-A4E8A3F33D32}.Debug|x64.Build.0 = Debug|Any CPU
		{70FB685D-EC23-4F90-9901-A4E8A3F33D32}.Debug|x86.ActiveCfg = Debug|Any CPU
		{70FB685D-EC23-4F90-9901-A4E8A3F33D32}.Debug|x86.Build.0 = Debug|Any CPU
		{70FB685D-EC23-4F90-9901-A4E8A3F33D32}.Release|Any CPU.ActiveCfg = Release|Any CPU
		{70FB685D-EC23-4F90-9901-A4E8A3F33D32}.Release|Any CPU.Build.0 = Release|Any CPU
		{70FB685D-EC23-4F90-9901-A4E8A3F33D32}.Release|x64.ActiveCfg = Release|Any CPU
		{70FB685D-EC23-4F90-9901-A4E8A3F33D32}.Release|x64.Build.0 = Release|Any CPU
		{70FB685D-EC23-4F90-9901-A4E8A3F33D32}.Release|x86.ActiveCfg = Release|Any CPU
		{70FB685D-EC23-4F90-9901-A4E8A3F33D32}.Release|x86.Build.0 = Release|Any CPU
		{7C39454F-2487-48B6-9E25-562631CAA88A}.Debug|Any CPU.ActiveCfg = Debug|Any CPU
		{7C39454F-2487-48B6-9E25-562631CAA88A}.Debug|Any CPU.Build.0 = Debug|Any CPU
		{7C39454F-2487-48B6-9E25-562631CAA88A}.Debug|x64.ActiveCfg = Debug|Any CPU
		{7C39454F-2487-48B6-9E25-562631CAA88A}.Debug|x64.Build.0 = Debug|Any CPU
		{7C39454F-2487-48B6-9E25-562631CAA88A}.Debug|x86.ActiveCfg = Debug|Any CPU
		{7C39454F-2487-48B6-9E25-562631CAA88A}.Debug|x86.Build.0 = Debug|Any CPU
		{7C39454F-2487-48B6-9E25-562631CAA88A}.Release|Any CPU.ActiveCfg = Release|Any CPU
		{7C39454F-2487-48B6-9E25-562631CAA88A}.Release|Any CPU.Build.0 = Release|Any CPU
		{7C39454F-2487-48B6-9E25-562631CAA88A}.Release|x64.ActiveCfg = Release|Any CPU
		{7C39454F-2487-48B6-9E25-562631CAA88A}.Release|x64.Build.0 = Release|Any CPU
		{7C39454F-2487-48B6-9E25-562631CAA88A}.Release|x86.ActiveCfg = Release|Any CPU
		{7C39454F-2487-48B6-9E25-562631CAA88A}.Release|x86.Build.0 = Release|Any CPU
		{062DAC39-9EA8-43AE-8A85-524A3CE8E28F}.Debug|Any CPU.ActiveCfg = Debug|Any CPU
		{062DAC39-9EA8-43AE-8A85-524A3CE8E28F}.Debug|Any CPU.Build.0 = Debug|Any CPU
		{062DAC39-9EA8-43AE-8A85-524A3CE8E28F}.Debug|x64.ActiveCfg = Debug|Any CPU
		{062DAC39-9EA8-43AE-8A85-524A3CE8E28F}.Debug|x64.Build.0 = Debug|Any CPU
		{062DAC39-9EA8-43AE-8A85-524A3CE8E28F}.Debug|x86.ActiveCfg = Debug|Any CPU
		{062DAC39-9EA8-43AE-8A85-524A3CE8E28F}.Debug|x86.Build.0 = Debug|Any CPU
		{062DAC39-9EA8-43AE-8A85-524A3CE8E28F}.Release|Any CPU.ActiveCfg = Release|Any CPU
		{062DAC39-9EA8-43AE-8A85-524A3CE8E28F}.Release|Any CPU.Build.0 = Release|Any CPU
		{062DAC39-9EA8-43AE-8A85-524A3CE8E28F}.Release|x64.ActiveCfg = Release|Any CPU
		{062DAC39-9EA8-43AE-8A85-524A3CE8E28F}.Release|x64.Build.0 = Release|Any CPU
		{062DAC39-9EA8-43AE-8A85-524A3CE8E28F}.Release|x86.ActiveCfg = Release|Any CPU
		{062DAC39-9EA8-43AE-8A85-524A3CE8E28F}.Release|x86.Build.0 = Release|Any CPU
	EndGlobalSection
	GlobalSection(SolutionProperties) = preSolution
		HideSolutionNode = FALSE
	EndGlobalSection
EndGlobal
