
Microsoft Visual Studio Solution File, Format Version 12.00
# Visual Studio Version 17
VisualStudioVersion = 17.0.31903.59
MinimumVisualStudioVersion = 10.0.40219.1
Project("{FAE04EC0-301F-11D3-BF4B-00C04F79EFBC}") = "Sso.Api", "Sso.Api\Sso.Api.csproj", "{16A759AA-0E0C-4D03-A131-C96D467E05BD}"
EndProject
Project("{FAE04EC0-301F-11D3-BF4B-00C04F79EFBC}") = "Sso.Identity", "Sso.Identity\Sso.Identity.csproj", "{72A340C6-877A-4A5F-9B32-7BE74D4DFF44}"
EndProject
Project("{FAE04EC0-301F-11D3-BF4B-00C04F79EFBC}") = "Sso.Infrastructure", "Sso.Infrastructure\Sso.Infrastructure.csproj", "{70FB685D-EC23-4F90-9901-A4E8A3F33D32}"
EndProject
Project("{FAE04EC0-301F-11D3-BF4B-00C04F79EFBC}") = "Sso.Shared", "Sso.Shared\Sso.Shared.csproj", "{4A052BE6-F96B-4BEA-8C7A-3EF1CA8E6066}"
EndProject
Global
	GlobalSection(SolutionConfigurationPlatforms) = preSolution
		Debug|Any CPU = Debug|Any CPU
		Debug|x64 = Debug|x64
		Debug|x86 = Debug|x86
		Release|Any CPU = Release|Any CPU
		Release|x64 = Release|x64
		Release|x86 = Release|x86
	EndGlobalSection
	GlobalSection(ProjectConfigurationPlatforms) = postSolution
		{16A759AA-0E0C-4D03-A131-C96D467E05BD}.Debug|Any CPU.ActiveCfg = Debug|Any CPU
		{16A759AA-0E0C-4D03-A131-C96D467E05BD}.Debug|Any CPU.Build.0 = Debug|Any CPU
		{16A759AA-0E0C-4D03-A131-C96D467E05BD}.Debug|x64.ActiveCfg = Debug|Any CPU
		{16A759AA-0E0C-4D03-A131-C96D467E05BD}.Debug|x64.Build.0 = Debug|Any CPU
		{16A759AA-0E0C-4D03-A131-C96D467E05BD}.Debug|x86.ActiveCfg = Debug|Any CPU
		{16A759AA-0E0C-4D03-A131-C96D467E05BD}.Debug|x86.Build.0 = Debug|Any CPU
		{16A759AA-0E0C-4D03-A131-C96D467E05BD}.Release|Any CPU.ActiveCfg = Release|Any CPU
		{16A759AA-0E0C-4D03-A131-C96D467E05BD}.Release|Any CPU.Build.0 = Release|Any CPU
		{16A759AA-0E0C-4D03-A131-C96D467E05BD}.Release|x64.ActiveCfg = Release|Any CPU
		{16A759AA-0E0C-4D03-A131-C96D467E05BD}.Release|x64.Build.0 = Release|Any CPU
		{16A759AA-0E0C-4D03-A131-C96D467E05BD}.Release|x86.ActiveCfg = Release|Any CPU
		{16A759AA-0E0C-4D03-A131-C96D467E05BD}.Release|x86.Build.0 = Release|Any CPU
		{72A340C6-877A-4A5F-9B32-7BE74D4DFF44}.Debug|Any CPU.ActiveCfg = Debug|Any CPU
		{72A340C6-877A-4A5F-9B32-7BE74D4DFF44}.Debug|Any CPU.Build.0 = Debug|Any CPU
		{72A340C6-877A-4A5F-9B32-7BE74D4DFF44}.Debug|x64.ActiveCfg = Debug|Any CPU
		{72A340C6-877A-4A5F-9B32-7BE74D4DFF44}.Debug|x64.Build.0 = Debug|Any CPU
		{72A340C6-877A-4A5F-9B32-7BE74D4DFF44}.Debug|x86.ActiveCfg = Debug|Any CPU
		{72A340C6-877A-4A5F-9B32-7BE74D4DFF44}.Debug|x86.Build.0 = Debug|Any CPU
		{72A340C6-877A-4A5F-9B32-7BE74D4DFF44}.Release|Any CPU.ActiveCfg = Release|Any CPU
		{72A340C6-877A-4A5F-9B32-7BE74D4DFF44}.Release|Any CPU.Build.0 = Release|Any CPU
		{72A340C6-877A-4A5F-9B32-7BE74D4DFF44}.Release|x64.ActiveCfg = Release|Any CPU
		{72A340C6-877A-4A5F-9B32-7BE74D4DFF44}.Release|x64.Build.0 = Release|Any CPU
		{72A340C6-877A-4A5F-9B32-7BE74D4DFF44}.Release|x86.ActiveCfg = Release|Any CPU
		{72A340C6-877A-4A5F-9B32-7BE74D4DFF44}.Release|x86.Build.0 = Release|Any CPU
		{70FB685D-EC23-4F90-9901-A4E8A3F33D32}.Debug|Any CPU.ActiveCfg = Debug|Any CPU
		{70FB685D-EC23-4F90-9901-A4E8A3F33D32}.Debug|Any CPU.Build.0 = Debug|Any CPU
		{70FB685D-EC23-4F90-9901-A4E8A3F33D32}.Debug|x64.ActiveCfg = Debug|Any CPU
		{70FB685D-EC23-4F90-9901-A4E8A3F33D32}.Debug|x64.Build.0 = Debug|Any CPU
		{70FB685D-EC23-4F90-9901-A4E8A3F33D32}.Debug|x86.ActiveCfg = Debug|Any CPU
		{70FB685D-EC23-4F90-9901-A4E8A3F33D32}.Debug|x86.Build.0 = Debug|Any CPU
		{70FB685D-EC23-4F90-9901-A4E8A3F33D32}.Release|Any CPU.ActiveCfg = Release|Any CPU
		{70FB685D-EC23-4F90-9901-A4E8A3F33D32}.Release|Any CPU.Build.0 = Release|Any CPU
		{70FB685D-EC23-4F90-9901-A4E8A3F33D32}.Release|x64.ActiveCfg = Release|Any CPU
		{70FB685D-EC23-4F90-9901-A4E8A3F33D32}.Release|x64.Build.0 = Release|Any CPU
		{70FB685D-EC23-4F90-9901-A4E8A3F33D32}.Release|x86.ActiveCfg = Release|Any CPU
		{70FB685D-EC23-4F90-9901-A4E8A3F33D32}.Release|x86.Build.0 = Release|Any CPU
		{4A052BE6-F96B-4BEA-8C7A-3EF1CA8E6066}.Debug|Any CPU.ActiveCfg = Debug|Any CPU
		{4A052BE6-F96B-4BEA-8C7A-3EF1CA8E6066}.Debug|Any CPU.Build.0 = Debug|Any CPU
		{4A052BE6-F96B-4BEA-8C7A-3EF1CA8E6066}.Debug|x64.ActiveCfg = Debug|Any CPU
		{4A052BE6-F96B-4BEA-8C7A-3EF1CA8E6066}.Debug|x64.Build.0 = Debug|Any CPU
		{4A052BE6-F96B-4BEA-8C7A-3EF1CA8E6066}.Debug|x86.ActiveCfg = Debug|Any CPU
		{4A052BE6-F96B-4BEA-8C7A-3EF1CA8E6066}.Debug|x86.Build.0 = Debug|Any CPU
		{4A052BE6-F96B-4BEA-8C7A-3EF1CA8E6066}.Release|Any CPU.ActiveCfg = Release|Any CPU
		{4A052BE6-F96B-4BEA-8C7A-3EF1CA8E6066}.Release|Any CPU.Build.0 = Release|Any CPU
		{4A052BE6-F96B-4BEA-8C7A-3EF1CA8E6066}.Release|x64.ActiveCfg = Release|Any CPU
		{4A052BE6-F96B-4BEA-8C7A-3EF1CA8E6066}.Release|x64.Build.0 = Release|Any CPU
		{4A052BE6-F96B-4BEA-8C7A-3EF1CA8E6066}.Release|x86.ActiveCfg = Release|Any CPU
		{4A052BE6-F96B-4BEA-8C7A-3EF1CA8E6066}.Release|x86.Build.0 = Release|Any CPU
	EndGlobalSection
	GlobalSection(SolutionProperties) = preSolution
		HideSolutionNode = FALSE
	EndGlobalSection
EndGlobal
